<?xml version="1.0" encoding="UTF-8" standalone="yes" ?>
<CodeBlocks_project_file>
	<FileVersion major="1" minor="6" />
	<Project>
		<Option title="LTPController" />
		<Option pch_mode="2" />
		<Option compiler="gcc" />
		<Build>
			<Target title="Release">
				<Option output="bin/Release/LTPController" prefix_auto="1" extension_auto="1" />
				<Option object_output="obj/Release/" />
				<Option type="0" />
				<Option compiler="gcc" />
				<Option projectLinkerOptionsRelation="2" />
				<Compiler>
					<Add option="-pipe" />
					<Add option="-mthreads" />
					<Add option="-static-libgcc" />
					<Add option="-D__GNUWIN32__" />
					<Add option="-D__WXMSW__" />
					<Add option="-DWXUSINGDLL" />
					<Add option="-DwxUSE_UNICODE" />
					<Add directory="D:/wxWidgets-3.1.0/lib/gcc_dll/mswu" />
					<Add directory="D:/wxWidgets-3.1.0/include" />
					<Add directory="D:/cprojects/LTPController/" />
				</Compiler>
				<ResourceCompiler>
					<Add directory="D:/wxWidgets-3.1.0/lib/gcc_dll/mswu" />
					<Add directory="D:/wxWidgets-3.1.0/include" />
					<Add directory="D:/cprojects/LTPController/" />
				</ResourceCompiler>
				<Linker>
					<Add option="-mthreads" />
					<Add library="../../wxWidgets-3.1.0/lib/gcc_dll/libwxmsw31u.a" />
					<Add library="D:/cprojects/LTPController/inpoutx64.lib" />
					<Add directory="D:/wxWidgets-3.1.0/lib/gcc_dll" />
					<Add directory="D:/cprojects/LTPController/" />
				</Linker>
			</Target>
			<Target title="Debug">
				<Option output="LTPController" prefix_auto="1" extension_auto="1" />
				<Option type="0" />
				<Option compiler="gcc" />
				<Compiler>
					<Add option="-pipe" />
					<Add option="-mthreads" />
					<Add option="-static-libgcc" />
					<Add option="-g" />
					<Add option="-D__GNUWIN32__" />
					<Add option="-D__WXMSW__" />
					<Add option="-DWXUSINGDLL" />
					<Add option="-DwxUSE_UNICODE" />
					<Add directory="D:/wxWidgets-3.1.0/lib/gcc_dll/mswu" />
					<Add directory="D:/wxWidgets-3.1.0/include" />
					<Add directory="D:/cprojects/LTPController/" />
				</Compiler>
				<ResourceCompiler>
					<Add directory="D:/wxWidgets-3.1.0/lib/gcc_dll/mswu" />
					<Add directory="D:/wxWidgets-3.1.0/include" />
					<Add directory="D:/cprojects/LTPController/" />
				</ResourceCompiler>
				<Linker>
					<Add library="../../wxWidgets-3.1.0/lib/gcc_dll/libwxmsw31u.a" />
					<Add library="D:/cprojects/LTPController/inpoutx64.lib" />
					<Add directory="D:/wxWidgets-3.1.0/lib/gcc_dll" />
					<Add directory="D:/cprojects/LTPController/" />
				</Linker>
			</Target>
		</Build>
		<Compiler>
			<Add option="-Wall" />
			<Add option="-std=c++11" />
			<Add option="-g" />
		</Compiler>
		<Unit filename="LTPControllerApp.cpp">
			<Option target="Release" />
		</Unit>
		<Unit filename="LTPControllerApp.h">
			<Option target="Release" />
		</Unit>
		<Unit filename="LTPControllerMain.cpp">
			<Option target="Release" />
		</Unit>
		<Unit filename="LTPControllerMain.h">
			<Option target="Release" />
		</Unit>
		<Unit filename="resource.rc">
			<Option compilerVar="WINDRES" />
			<Option target="Release" />
		</Unit>
		<Unit filename="wxsmith/LTPControllerframe.wxs">
			<Option target="Release" />
		</Unit>
		<Extensions>
			<code_completion />
			<envvars />
			<debugger />
			<wxsmith version="1">
				<gui name="wxWidgets" src="LTPControllerApp.cpp" main="LTPControllerFrame" init_handlers="necessary" language="CPP" />
				<resources>
					<wxFrame wxs="wxsmith/LTPControllerframe.wxs" src="LTPControllerMain.cpp" hdr="LTPControllerMain.h" fwddecl="0" i18n="1" name="LTPControllerFrame" language="CPP" />
				</resources>
			</wxsmith>
		</Extensions>
	</Project>
</CodeBlocks_project_file>
